
Microsoft Visual Studio Solution File, Format Version 12.00
# Visual Studio 2013
VisualStudioVersion = 12.0.21005.1
MinimumVisualStudioVersion = 10.0.40219.1
Project("{FAE04EC0-301F-11D3-BF4B-00C04F79EFBC}") = "GastronomiaMVC", "GastronomiaMVC\GastronomiaMVC.csproj", "{16BFC9D4-D015-40A1-9EFC-F90AEA53CFCE}"
EndProject
Global
	GlobalSection(SolutionConfigurationPlatforms) = preSolution
		Debug|Any CPU = Debug|Any CPU
		Release|Any CPU = Release|Any CPU
	EndGlobalSection
	GlobalSection(ProjectConfigurationPlatforms) = postSolution
		{16BFC9D4-D015-40A1-9EFC-F90AEA53CFCE}.Debug|Any CPU.ActiveCfg = Debug|Any CPU
		{16BFC9D4-D015-40A1-9EFC-F90AEA53CFCE}.Debug|Any CPU.Build.0 = Debug|Any CPU
		{16BFC9D4-D015-40A1-9EFC-F90AEA53CFCE}.Release|Any CPU.ActiveCfg = Release|Any CPU
		{16BFC9D4-D015-40A1-9EFC-F90AEA53CFCE}.Release|Any CPU.Build.0 = Release|Any CPU
	EndGlobalSection
	GlobalSection(SolutionProperties) = preSolution
		HideSolutionNode = FALSE
	EndGlobalSection
EndGlobal
